
Microsoft Visual Studio Solution File, Format Version 11.00
# Visual Studio 2010
Project("{FAE04EC0-301F-11D3-BF4B-00C04F79EFBC}") = "LogoShopping", "WebApplication1\LogoShopping.csproj", "{81AE8907-7DD1-44F9-A578-1F6AA7220021}"
EndProject
Global
	GlobalSection(SolutionConfigurationPlatforms) = preSolution
		Debug|Any CPU = Debug|Any CPU
		Release|Any CPU = Release|Any CPU
	EndGlobalSection
	GlobalSection(ProjectConfigurationPlatforms) = postSolution
		{81AE8907-7DD1-44F9-A578-1F6AA7220021}.Debug|Any CPU.ActiveCfg = Debug|Any CPU
		{81AE8907-7DD1-44F9-A578-1F6AA7220021}.Debug|Any CPU.Build.0 = Debug|Any CPU
		{81AE8907-7DD1-44F9-A578-1F6AA7220021}.Release|Any CPU.ActiveCfg = Release|Any CPU
		{81AE8907-7DD1-44F9-A578-1F6AA7220021}.Release|Any CPU.Build.0 = Release|Any CPU
	EndGlobalSection
	GlobalSection(SolutionProperties) = preSolution
		HideSolutionNode = FALSE
	EndGlobalSection
EndGlobal
